// !$*UTF8*$!
{
	archiveVersion = 1;
	classes = {
	};
	objectVersion = 77;
	objects = {

/* Begin PBXContainerItemProxy section */
		76E938802F21B74E000AE9F0 /* PBXContainerItemProxy */ = {
			isa = PBXContainerItemProxy;
			containerPortal = 76E9386A2F21B74C000AE9F0 /* Project object */;
			proxyType = 1;
			remoteGlobalIDString = 76E938712F21B74C000AE9F0;
			remoteInfo = "CRACKHEAD CLUB";
		};
		76E9388A2F21B74E000AE9F0 /* PBXContainerItemProxy */ = {
			isa = PBXContainerItemProxy;
			containerPortal = 76E9386A2F21B74C000AE9F0 /* Project object */;
			proxyType = 1;
			remoteGlobalIDString = 76E938712F21B74C000AE9F0;
			remoteInfo = "CRACKHEAD CLUB";
		};
/* End PBXContainerItemProxy section */

/* Begin PBXFileReference section */
		76E938722F21B74C000AE9F0 /* CRACKHEAD CLUB.app */ = {isa = PBXFileReference; explicitFileType = wrapper.application; includeInIndex = 0; path = "CRACKHEAD CLUB.app"; sourceTree = BUILT_PRODUCTS_DIR; };
		76E9387F2F21B74E000AE9F0 /* CRACKHEAD CLUBTests.xctest */ = {isa = PBXFileReference; explicitFileType = wrapper.cfbundle; includeInIndex = 0; path = "CRACKHEAD CLUBTests.xctest"; sourceTree = BUILT_PRODUCTS_DIR; };
		76E938892F21B74E000AE9F0 /* CRACKHEAD CLUBUITests.xctest */ = {isa = PBXFileReference; explicitFileType = wrapper.cfbundle; includeInIndex = 0; path = "CRACKHEAD CLUBUITests.xctest"; sourceTree = BUILT_PRODUCTS_DIR; };
/* End PBXFileReference section */

/* Begin PBXFileSystemSynchronizedRootGroup section */
		76E938742F21B74C000AE9F0 /* CRACKHEAD CLUB */ = {
			isa = PBXFileSystemSynchronizedRootGroup;
			path = "CRACKHEAD CLUB";
			sourceTree = "<group>";
		};
		76E938822F21B74E000AE9F0 /* CRACKHEAD CLUBTests */ = {
			isa = PBXFileSystemSynchronizedRootGroup;
			path = "CRACKHEAD CLUBTests";
			sourceTree = "<group>";
		};
		76E9388C2F21B74E000AE9F0 /* CRACKHEAD CLUBUITests */ = {
			isa = PBXFileSystemSynchronizedRootGroup;
			path = "CRACKHEAD CLUBUITests";
			sourceTree = "<group>";
		};
/* End PBXFileSystemSynchronizedRootGroup section */

/* Begin PBXFrameworksBuildPhase section */
		76E9386F2F21B74C000AE9F0 /* Frameworks */ = {
			isa = PBXFrameworksBuildPhase;
			buildActionMask = 2147483647;
			files = (
			);
			runOnlyForDeploymentPostprocessing = 0;
		};
		76E9387C2F21B74E000AE9F0 /* Frameworks */ = {
			isa = PBXFrameworksBuildPhase;
			buildActionMask = 2147483647;
			files = (
			);
			runOnlyForDeploymentPostprocessing = 0;
		};
		76E938862F21B74E000AE9F0 /* Frameworks */ = {
			isa = PBXFrameworksBuildPhase;
			buildActionMask = 2147483647;
			files = (
			);
			runOnlyForDeploymentPostprocessing = 0;
		};
/* End PBXFrameworksBuildPhase section */

/* Begin PBXGroup section */
		76E938692F21B74C000AE9F0 = {
			isa = PBXGroup;
			children = (
				76E938742F21B74C000AE9F0 /* CRACKHEAD CLUB */,
				76E938822F21B74E000AE9F0 /* CRACKHEAD CLUBTests */,
				76E9388C2F21B74E000AE9F0 /* CRACKHEAD CLUBUITests */,
				76E938732F21B74C000AE9F0 /* Products */,
			);
			sourceTree = "<group>";
		};
		76E938732F21B74C000AE9F0 /* Products */ = {
			isa = PBXGroup;
			children = (
				76E938722F21B74C000AE9F0 /* CRACKHEAD CLUB.app */,
				76E9387F2F21B74E000AE9F0 /* CRACKHEAD CLUBTests.xctest */,
				76E938892F21B74E000AE9F0 /* CRACKHEAD CLUBUITests.xctest */,
			);
			name = Products;
			sourceTree = "<group>";
		};
/* End PBXGroup section */

/* Begin PBXNativeTarget section */
		76E938712F21B74C000AE9F0 /* CRACKHEAD CLUB */ = {
			isa = PBXNativeTarget;
			buildConfigurationList = 76E938932F21B74E000AE9F0 /* Build configuration list for PBXNativeTarget "CRACKHEAD CLUB" */;
			buildPhases = (
				76E9386E2F21B74C000AE9F0 /* Sources */,
				76E9386F2F21B74C000AE9F0 /* Frameworks */,
				76E938702F21B74C000AE9F0 /* Resources */,
			);
			buildRules = (
			);
			dependencies = (
			);
			fileSystemSynchronizedGroups = (
				76E938742F21B74C000AE9F0 /* CRACKHEAD CLUB */,
			);
			name = "CRACKHEAD CLUB";
			packageProductDependencies = (
			);
			productName = "CRACKHEAD CLUB";
			productReference = 76E938722F21B74C000AE9F0 /* CRACKHEAD CLUB.app */;
			productType = "com.apple.product-type.application";
		};
		76E9387E2F21B74E000AE9F0 /* CRACKHEAD CLUBTests */ = {
			isa = PBXNativeTarget;
			buildConfigurationList = 76E938962F21B74E000AE9F0 /* Build configuration list for PBXNativeTarget "CRACKHEAD CLUBTests" */;
			buildPhases = (
				76E9387B2F21B74E000AE9F0 /* Sources */,
				76E9387C2F21B74E000AE9F0 /* Frameworks */,
				76E9387D2F21B74E000AE9F0 /* Resources */,
			);
			buildRules = (
			);
			dependencies = (
				76E938812F21B74E000AE9F0 /* PBXTargetDependency */,
			);
			fileSystemSynchronizedGroups = (
				76E938822F21B74E000AE9F0 /* CRACKHEAD CLUBTests */,
			);
			name = "CRACKHEAD CLUBTests";
			packageProductDependencies = (
			);
			productName = "CRACKHEAD CLUBTests";
			productReference = 76E9387F2F21B74E000AE9F0 /* CRACKHEAD CLUBTests.xctest */;
			productType = "com.apple.product-type.bundle.unit-test";
		};
		76E938882F21B74E000AE9F0 /* CRACKHEAD CLUBUITests */ = {
			isa = PBXNativeTarget;
			buildConfigurationList = 76E938992F21B74E000AE9F0 /* Build configuration list for PBXNativeTarget "CRACKHEAD CLUBUITests" */;
			buildPhases = (
				76E938852F21B74E000AE9F0 /* Sources */,
				76E938862F21B74E000AE9F0 /* Frameworks */,
				76E938872F21B74E000AE9F0 /* Resources */,
			);
			buildRules = (
			);
			dependencies = (
				76E9388B2F21B74E000AE9F0 /* PBXTargetDependency */,
			);
			fileSystemSynchronizedGroups = (
				76E9388C2F21B74E000AE9F0 /* CRACKHEAD CLUBUITests */,
			);
			name = "CRACKHEAD CLUBUITests";
			packageProductDependencies = (
			);
			productName = "CRACKHEAD CLUBUITests";
			productReference = 76E938892F21B74E000AE9F0 /* CRACKHEAD CLUBUITests.xctest */;
			productType = "com.apple.product-type.bundle.ui-testing";
		};
/* End PBXNativeTarget section */

/* Begin PBXProject section */
		76E9386A2F21B74C000AE9F0 /* Project object */ = {
			isa = PBXProject;
			attributes = {
				BuildIndependentTargetsInParallel = 1;
				LastSwiftUpdateCheck = 2620;
				LastUpgradeCheck = 2620;
				TargetAttributes = {
					76E938712F21B74C000AE9F0 = {
						CreatedOnToolsVersion = 26.2;
					};
					76E9387E2F21B74E000AE9F0 = {
						CreatedOnToolsVersion = 26.2;
						TestTargetID = 76E938712F21B74C000AE9F0;
					};
					76E938882F21B74E000AE9F0 = {
						CreatedOnToolsVersion = 26.2;
						TestTargetID = 76E938712F21B74C000AE9F0;
					};
				};
			};
			buildConfigurationList = 76E9386D2F21B74C000AE9F0 /* Build configuration list for PBXProject "CRACKHEAD CLUB" */;
			developmentRegion = en;
			hasScannedForEncodings = 0;
			knownRegions = (
				en,
				Base,
			);
			mainGroup = 76E938692F21B74C000AE9F0;
			minimizedProjectReferenceProxies = 1;
			preferredProjectObjectVersion = 77;
			productRefGroup = 76E938732F21B74C000AE9F0 /* Products */;
			projectDirPath = "";
			projectRoot = "";
			targets = (
				76E938712F21B74C000AE9F0 /* CRACKHEAD CLUB */,
				76E9387E2F21B74E000AE9F0 /* CRACKHEAD CLUBTests */,
				76E938882F21B74E000AE9F0 /* CRACKHEAD CLUBUITests */,
			);
		};
/* End PBXProject section */

/* Begin PBXResourcesBuildPhase section */
		76E938702F21B74C000AE9F0 /* Resources */ = {
			isa = PBXResourcesBuildPhase;
			buildActionMask = 2147483647;
			files = (
			);
			runOnlyForDeploymentPostprocessing = 0;
		};
		76E9387D2F21B74E000AE9F0 /* Resources */ = {
			isa = PBXResourcesBuildPhase;
			buildActionMask = 2147483647;
			files = (
			);
			runOnlyForDeploymentPostprocessing = 0;
		};
		76E938872F21B74E000AE9F0 /* Resources */ = {
			isa = PBXResourcesBuildPhase;
			buildActionMask = 2147483647;
			files = (
			);
			runOnlyForDeploymentPostprocessing = 0;
		};
/* End PBXResourcesBuildPhase section */

/* Begin PBXSourcesBuildPhase section */
		76E9386E2F21B74C000AE9F0 /* Sources */ = {
			isa = PBXSourcesBuildPhase;
			buildActionMask = 2147483647;
			files = (
			);
			runOnlyForDeploymentPostprocessing = 0;
		};
		76E9387B2F21B74E000AE9F0 /* Sources */ = {
			isa = PBXSourcesBuildPhase;
			buildActionMask = 2147483647;
			files = (
			);
			runOnlyForDeploymentPostprocessing = 0;
		};
		76E938852F21B74E000AE9F0 /* Sources */ = {
			isa = PBXSourcesBuildPhase;
			buildActionMask = 2147483647;
			files = (
			);
			runOnlyForDeploymentPostprocessing = 0;
		};
/* End PBXSourcesBuildPhase section */

/* Begin PBXTargetDependency section */
		76E938812F21B74E000AE9F0 /* PBXTargetDependency */ = {
			isa = PBXTargetDependency;
			target = 76E938712F21B74C000AE9F0 /* CRACKHEAD CLUB */;
			targetProxy = 76E938802F21B74E000AE9F0 /* PBXContainerItemProxy */;
		};
		76E9388B2F21B74E000AE9F0 /* PBXTargetDependency */ = {
			isa = PBXTargetDependency;
			target = 76E938712F21B74C000AE9F0 /* CRACKHEAD CLUB */;
			targetProxy = 76E9388A2F21B74E000AE9F0 /* PBXContainerItemProxy */;
		};
/* End PBXTargetDependency section */

/* Begin XCBuildConfiguration section */
		76E938912F21B74E000AE9F0 /* Debug */ = {
			isa = XCBuildConfiguration;
			buildSettings = {
				ALWAYS_SEARCH_USER_PATHS = NO;
				ASSETCATALOG_COMPILER_GENERATE_SWIFT_ASSET_SYMBOL_EXTENSIONS = YES;
				CLANG_ANALYZER_NONNULL = YES;
				CLANG_ANALYZER_NUMBER_OBJECT_CONVERSION = YES_AGGRESSIVE;
				CLANG_CXX_LANGUAGE_STANDARD = "gnu++20";
				CLANG_ENABLE_MODULES = YES;
				CLANG_ENABLE_OBJC_ARC = YES;
				CLANG_ENABLE_OBJC_WEAK = YES;
				CLANG_WARN_BLOCK_CAPTURE_AUTORELEASING = YES;
				CLANG_WARN_BOOL_CONVERSION = YES;
				CLANG_WARN_COMMA = YES;
				CLANG_WARN_CONSTANT_CONVERSION = YES;
				CLANG_WARN_DEPRECATED_OBJC_IMPLEMENTATIONS = YES;
				CLANG_WARN_DIRECT_OBJC_ISA_USAGE = YES_ERROR;
				CLANG_WARN_DOCUMENTATION_COMMENTS = YES;
				CLANG_WARN_EMPTY_BODY = YES;
				CLANG_WARN_ENUM_CONVERSION = YES;
				CLANG_WARN_INFINITE_RECURSION = YES;
				CLANG_WARN_INT_CONVERSION = YES;
				CLANG_WARN_NON_LITERAL_NULL_CONVERSION = YES;
				CLANG_WARN_OBJC_IMPLICIT_RETAIN_SELF = YES;
				CLANG_WARN_OBJC_LITERAL_CONVERSION = YES;
				CLANG_WARN_OBJC_ROOT_CLASS = YES_ERROR;
				CLANG_WARN_QUOTED_INCLUDE_IN_FRAMEWORK_HEADER = YES;
				CLANG_WARN_RANGE_LOOP_ANALYSIS = YES;
				CLANG_WARN_STRICT_PROTOTYPES = YES;
				CLANG_WARN_SUSPICIOUS_MOVE = YES;
				CLANG_WARN_UNGUARDED_AVAILABILITY = YES_AGGRESSIVE;
				CLANG_WARN_UNREACHABLE_CODE = YES;
				CLANG_WARN__DUPLICATE_METHOD_MATCH = YES;
				COPY_PHASE_STRIP = NO;
				DEBUG_INFORMATION_FORMAT = dwarf;
				DEVELOPMENT_TEAM = YDR3VLMRZ7;
				ENABLE_STRICT_OBJC_MSGSEND = YES;
				ENABLE_TESTABILITY = YES;
				ENABLE_USER_SCRIPT_SANDBOXING = YES;
				GCC_C_LANGUAGE_STANDARD = gnu17;
				GCC_DYNAMIC_NO_PIC = NO;
				GCC_NO_COMMON_BLOCKS = YES;
				GCC_OPTIMIZATION_LEVEL = 0;
				GCC_PREPROCESSOR_DEFINITIONS = (
					"DEBUG=1",
					"$(inherited)",
				);
				GCC_WARN_64_TO_32_BIT_CONVERSION = YES;
				GCC_WARN_ABOUT_RETURN_TYPE = YES_ERROR;
				GCC_WARN_UNDECLARED_SELECTOR = YES;
				GCC_WARN_UNINITIALIZED_AUTOS = YES_AGGRESSIVE;
				GCC_WARN_UNUSED_FUNCTION = YES;
				GCC_WARN_UNUSED_VARIABLE = YES;
				IPHONEOS_DEPLOYMENT_TARGET = 26.2;
				LOCALIZATION_PREFERS_STRING_CATALOGS = YES;
				MTL_ENABLE_DEBUG_INFO = INCLUDE_SOURCE;
				MTL_FAST_MATH = YES;
				ONLY_ACTIVE_ARCH = YES;
				SDKROOT = iphoneos;
				SWIFT_ACTIVE_COMPILATION_CONDITIONS = "DEBUG $(inherited)";
				SWIFT_OPTIMIZATION_LEVEL = "-Onone";
			};
			name = Debug;
		};
		76E938922F21B74E000AE9F0 /* Release */ = {
			isa = XCBuildConfiguration;
			buildSettings = {
				ALWAYS_SEARCH_USER_PATHS = NO;
				ASSETCATALOG_COMPILER_GENERATE_SWIFT_ASSET_SYMBOL_EXTENSIONS = YES;
				CLANG_ANALYZER_NONNULL = YES;
				CLANG_ANALYZER_NUMBER_OBJECT_CONVERSION = YES_AGGRESSIVE;
				CLANG_CXX_LANGUAGE_STANDARD = "gnu++20";
				CLANG_ENABLE_MODULES = YES;
				CLANG_ENABLE_OBJC_ARC = YES;
				CLANG_ENABLE_OBJC_WEAK = YES;
				CLANG_WARN_BLOCK_CAPTURE_AUTORELEASING = YES;
				CLANG_WARN_BOOL_CONVERSION = YES;
				CLANG_WARN_COMMA = YES;
				CLANG_WARN_CONSTANT_CONVERSION = YES;
				CLANG_WARN_DEPRECATED_OBJC_IMPLEMENTATIONS = YES;
				CLANG_WARN_DIRECT_OBJC_ISA_USAGE = YES_ERROR;
				CLANG_WARN_DOCUMENTATION_COMMENTS = YES;
				CLANG_WARN_EMPTY_BODY = YES;
				CLANG_WARN_ENUM_CONVERSION = YES;
				CLANG_WARN_INFINITE_RECURSION = YES;
				CLANG_WARN_INT_CONVERSION = YES;
				CLANG_WARN_NON_LITERAL_NULL_CONVERSION = YES;
				CLANG_WARN_OBJC_IMPLICIT_RETAIN_SELF = YES;
				CLANG_WARN_OBJC_LITERAL_CONVERSION = YES;
				CLANG_WARN_OBJC_ROOT_CLASS = YES_ERROR;
				CLANG_WARN_QUOTED_INCLUDE_IN_FRAMEWORK_HEADER = YES;
				CLANG_WARN_RANGE_LOOP_ANALYSIS = YES;
				CLANG_WARN_STRICT_PROTOTYPES = YES;
				CLANG_WARN_SUSPICIOUS_MOVE = YES;
				CLANG_WARN_UNGUARDED_AVAILABILITY = YES_AGGRESSIVE;
				CLANG_WARN_UNREACHABLE_CODE = YES;
				CLANG_WARN__DUPLICATE_METHOD_MATCH = YES;
				COPY_PHASE_STRIP = NO;
				DEBUG_INFORMATION_FORMAT = "dwarf-with-dsym";
				DEVELOPMENT_TEAM = YDR3VLMRZ7;
				ENABLE_NS_ASSERTIONS = NO;
				ENABLE_STRICT_OBJC_MSGSEND = YES;
				ENABLE_USER_SCRIPT_SANDBOXING = YES;
				GCC_C_LANGUAGE_STANDARD = gnu17;
				GCC_NO_COMMON_BLOCKS = YES;
				GCC_WARN_64_TO_32_BIT_CONVERSION = YES;
				GCC_WARN_ABOUT_RETURN_TYPE = YES_ERROR;
				GCC_WARN_UNDECLARED_SELECTOR = YES;
				GCC_WARN_UNINITIALIZED_AUTOS = YES_AGGRESSIVE;
				GCC_WARN_UNUSED_FUNCTION = YES;
				GCC_WARN_UNUSED_VARIABLE = YES;
				IPHONEOS_DEPLOYMENT_TARGET = 26.2;
				LOCALIZATION_PREFERS_STRING_CATALOGS = YES;
				MTL_ENABLE_DEBUG_INFO = NO;
				MTL_FAST_MATH = YES;
				SDKROOT = iphoneos;
				SWIFT_COMPILATION_MODE = wholemodule;
				VALIDATE_PRODUCT = YES;
			};
			name = Release;
		};
		76E938942F21B74E000AE9F0 /* Debug */ = {
			isa = XCBuildConfiguration;
			buildSettings = {
				ASSETCATALOG_COMPILER_APPICON_NAME = AppIcon;
				ASSETCATALOG_COMPILER_GLOBAL_ACCENT_COLOR_NAME = AccentColor;
				CODE_SIGN_STYLE = Automatic;
				CURRENT_PROJECT_VERSION = 1;
				DEVELOPMENT_TEAM = YDR3VLMRZ7;
				ENABLE_PREVIEWS = YES;
				GENERATE_INFOPLIST_FILE = YES;
				INFOPLIST_KEY_UIApplicationSceneManifest_Generation = YES;
				INFOPLIST_KEY_UIApplicationSupportsIndirectInputEvents = YES;
				INFOPLIST_KEY_UILaunchScreen_Generation = YES;
				INFOPLIST_KEY_UISupportedInterfaceOrientations_iPad = "UIInterfaceOrientationPortrait UIInterfaceOrientationPortraitUpsideDown UIInterfaceOrientationLandscapeLeft UIInterfaceOrientationLandscapeRight";
				INFOPLIST_KEY_UISupportedInterfaceOrientations_iPhone = "UIInterfaceOrientationPortrait UIInterfaceOrientationLandscapeLeft UIInterfaceOrientationLandscapeRight";
				LD_RUNPATH_SEARCH_PATHS = (
					"$(inherited)",
					"@executable_path/Frameworks",
				);
				MARKETING_VERSION = 1.0;
				PRODUCT_BUNDLE_IDENTIFIER = "cc.CRACKHEAD-CLUB";
				PRODUCT_NAME = "$(TARGET_NAME)";
				STRING_CATALOG_GENERATE_SYMBOLS = YES;
				SWIFT_APPROACHABLE_CONCURRENCY = YES;
				SWIFT_DEFAULT_ACTOR_ISOLATION = MainActor;
				SWIFT_EMIT_LOC_STRINGS = YES;
				SWIFT_UPCOMING_FEATURE_MEMBER_IMPORT_VISIBILITY = YES;
				SWIFT_VERSION = 5.0;
				TARGETED_DEVICE_FAMILY = "1,2";
			};
			name = Debug;
		};
		76E938952F21B74E000AE9F0 /* Release */ = {
			isa = XCBuildConfiguration;
			buildSettings = {
				ASSETCATALOG_COMPILER_APPICON_NAME = AppIcon;
				ASSETCATALOG_COMPILER_GLOBAL_ACCENT_COLOR_NAME = AccentColor;
				CODE_SIGN_STYLE = Automatic;
				CURRENT_PROJECT_VERSION = 1;
				DEVELOPMENT_TEAM = YDR3VLMRZ7;
				ENABLE_PREVIEWS = YES;
				GENERATE_INFOPLIST_FILE = YES;
				INFOPLIST_KEY_UIApplicationSceneManifest_Generation = YES;
				INFOPLIST_KEY_UIApplicationSupportsIndirectInputEvents = YES;
				INFOPLIST_KEY_UILaunchScreen_Generation = YES;
				INFOPLIST_KEY_UISupportedInterfaceOrientations_iPad = "UIInterfaceOrientationPortrait UIInterfaceOrientationPortraitUpsideDown UIInterfaceOrientationLandscapeLeft UIInterfaceOrientationLandscapeRight";
				INFOPLIST_KEY_UISupportedInterfaceOrientations_iPhone = "UIInterfaceOrientationPortrait UIInterfaceOrientationLandscapeLeft UIInterfaceOrientationLandscapeRight";
				LD_RUNPATH_SEARCH_PATHS = (
					"$(inherited)",
					"@executable_path/Frameworks",
				);
				MARKETING_VERSION = 1.0;
				PRODUCT_BUNDLE_IDENTIFIER = "cc.CRACKHEAD-CLUB";
				PRODUCT_NAME = "$(TARGET_NAME)";
				STRING_CATALOG_GENERATE_SYMBOLS = YES;
				SWIFT_APPROACHABLE_CONCURRENCY = YES;
				SWIFT_DEFAULT_ACTOR_ISOLATION = MainActor;
				SWIFT_EMIT_LOC_STRINGS = YES;
				SWIFT_UPCOMING_FEATURE_MEMBER_IMPORT_VISIBILITY = YES;
				SWIFT_VERSION = 5.0;
				TARGETED_DEVICE_FAMILY = "1,2";
			};
			name = Release;
		};
		76E938972F21B74E000AE9F0 /* Debug */ = {
			isa = XCBuildConfiguration;
			buildSettings = {
				BUNDLE_LOADER = "$(TEST_HOST)";
				CODE_SIGN_STYLE = Automatic;
				CURRENT_PROJECT_VERSION = 1;
				DEVELOPMENT_TEAM = YDR3VLMRZ7;
				GENERATE_INFOPLIST_FILE = YES;
				IPHONEOS_DEPLOYMENT_TARGET = 26.2;
				MARKETING_VERSION = 1.0;
				PRODUCT_BUNDLE_IDENTIFIER = "cc.CRACKHEAD-CLUBTests";
				PRODUCT_NAME = "$(TARGET_NAME)";
				STRING_CATALOG_GENERATE_SYMBOLS = NO;
				SWIFT_APPROACHABLE_CONCURRENCY = YES;
				SWIFT_EMIT_LOC_STRINGS = NO;
				SWIFT_UPCOMING_FEATURE_MEMBER_IMPORT_VISIBILITY = YES;
				SWIFT_VERSION = 5.0;
				TARGETED_DEVICE_FAMILY = "1,2";
				TEST_HOST = "$(BUILT_PRODUCTS_DIR)/CRACKHEAD CLUB.app/$(BUNDLE_EXECUTABLE_FOLDER_PATH)/CRACKHEAD CLUB";
			};
			name = Debug;
		};
		76E938982F21B74E000AE9F0 /* Release */ = {
			isa = XCBuildConfiguration;
			buildSettings = {
				BUNDLE_LOADER = "$(TEST_HOST)";
				CODE_SIGN_STYLE = Automatic;
				CURRENT_PROJECT_VERSION = 1;
				DEVELOPMENT_TEAM = YDR3VLMRZ7;
				GENERATE_INFOPLIST_FILE = YES;
				IPHONEOS_DEPLOYMENT_TARGET = 26.2;
				MARKETING_VERSION = 1.0;
				PRODUCT_BUNDLE_IDENTIFIER = "cc.CRACKHEAD-CLUBTests";
				PRODUCT_NAME = "$(TARGET_NAME)";
				STRING_CATALOG_GENERATE_SYMBOLS = NO;
				SWIFT_APPROACHABLE_CONCURRENCY = YES;
				SWIFT_EMIT_LOC_STRINGS = NO;
				SWIFT_UPCOMING_FEATURE_MEMBER_IMPORT_VISIBILITY = YES;
				SWIFT_VERSION = 5.0;
				TARGETED_DEVICE_FAMILY = "1,2";
				TEST_HOST = "$(BUILT_PRODUCTS_DIR)/CRACKHEAD CLUB.app/$(BUNDLE_EXECUTABLE_FOLDER_PATH)/CRACKHEAD CLUB";
			};
			name = Release;
		};
		76E9389A2F21B74E000AE9F0 /* Debug */ = {
			isa = XCBuildConfiguration;
			buildSettings = {
				CODE_SIGN_STYLE = Automatic;
				CURRENT_PROJECT_VERSION = 1;
				DEVELOPMENT_TEAM = YDR3VLMRZ7;
				GENERATE_INFOPLIST_FILE = YES;
				MARKETING_VERSION = 1.0;
				PRODUCT_BUNDLE_IDENTIFIER = "cc.CRACKHEAD-CLUBUITests";
				PRODUCT_NAME = "$(TARGET_NAME)";
				STRING_CATALOG_GENERATE_SYMBOLS = NO;
				SWIFT_APPROACHABLE_CONCURRENCY = YES;
				SWIFT_EMIT_LOC_STRINGS = NO;
				SWIFT_UPCOMING_FEATURE_MEMBER_IMPORT_VISIBILITY = YES;
				SWIFT_VERSION = 5.0;
				TARGETED_DEVICE_FAMILY = "1,2";
				TEST_TARGET_NAME = "CRACKHEAD CLUB";
			};
			name = Debug;
		};
		76E9389B2F21B74E000AE9F0 /* Release */ = {
			isa = XCBuildConfiguration;
			buildSettings = {
				CODE_SIGN_STYLE = Automatic;
				CURRENT_PROJECT_VERSION = 1;
				DEVELOPMENT_TEAM = YDR3VLMRZ7;
				GENERATE_INFOPLIST_FILE = YES;
				MARKETING_VERSION = 1.0;
				PRODUCT_BUNDLE_IDENTIFIER = "cc.CRACKHEAD-CLUBUITests";
				PRODUCT_NAME = "$(TARGET_NAME)";
				STRING_CATALOG_GENERATE_SYMBOLS = NO;
				SWIFT_APPROACHABLE_CONCURRENCY = YES;
				SWIFT_EMIT_LOC_STRINGS = NO;
				SWIFT_UPCOMING_FEATURE_MEMBER_IMPORT_VISIBILITY = YES;
				SWIFT_VERSION = 5.0;
				TARGETED_DEVICE_FAMILY = "1,2";
				TEST_TARGET_NAME = "CRACKHEAD CLUB";
			};
			name = Release;
		};
/* End XCBuildConfiguration section */

/* Begin XCConfigurationList section */
		76E9386D2F21B74C000AE9F0 /* Build configuration list for PBXProject "CRACKHEAD CLUB" */ = {
			isa = XCConfigurationList;
			buildConfigurations = (
				76E938912F21B74E000AE9F0 /* Debug */,
				76E938922F21B74E000AE9F0 /* Release */,
			);
			defaultConfigurationIsVisible = 0;
			defaultConfigurationName = Release;
		};
		76E938932F21B74E000AE9F0 /* Build configuration list for PBXNativeTarget "CRACKHEAD CLUB" */ = {
			isa = XCConfigurationList;
			buildConfigurations = (
				76E938942F21B74E000AE9F0 /* Debug */,
				76E938952F21B74E000AE9F0 /* Release */,
			);
			defaultConfigurationIsVisible = 0;
			defaultConfigurationName = Release;
		};
		76E938962F21B74E000AE9F0 /* Build configuration list for PBXNativeTarget "CRACKHEAD CLUBTests" */ = {
			isa = XCConfigurationList;
			buildConfigurations = (
				76E938972F21B74E000AE9F0 /* Debug */,
				76E938982F21B74E000AE9F0 /* Release */,
			);
			defaultConfigurationIsVisible = 0;
			defaultConfigurationName = Release;
		};
		76E938992F21B74E000AE9F0 /* Build configuration list for PBXNativeTarget "CRACKHEAD CLUBUITests" */ = {
			isa = XCConfigurationList;
			buildConfigurations = (
				76E9389A2F21B74E000AE9F0 /* Debug */,
				76E9389B2F21B74E000AE9F0 /* Release */,
			);
			defaultConfigurationIsVisible = 0;
			defaultConfigurationName = Release;
		};
/* End XCConfigurationList section */
	};
	rootObject = 76E9386A2F21B74C000AE9F0 /* Project object */;
}
